
Microsoft Visual Studio Solution File, Format Version 12.00
# Visual Studio 15
VisualStudioVersion = 15.0.28307.489
MinimumVisualStudioVersion = 10.0.40219.1
Project("{FAE04EC0-301F-11D3-BF4B-00C04F79EFBC}") = "Homework", "19_03_20 Homework\Homework.csproj", "{B314C44B-F54C-40FD-B4F8-2C350E44740F}"
EndProject
Global
	GlobalSection(SolutionConfigurationPlatforms) = preSolution
		Debug|Any CPU = Debug|Any CPU
		Release|Any CPU = Release|Any CPU
	EndGlobalSection
	GlobalSection(ProjectConfigurationPlatforms) = postSolution
		{B314C44B-F54C-40FD-B4F8-2C350E44740F}.Debug|Any CPU.ActiveCfg = Debug|Any CPU
		{B314C44B-F54C-40FD-B4F8-2C350E44740F}.Debug|Any CPU.Build.0 = Debug|Any CPU
		{B314C44B-F54C-40FD-B4F8-2C350E44740F}.Release|Any CPU.ActiveCfg = Release|Any CPU
		{B314C44B-F54C-40FD-B4F8-2C350E44740F}.Release|Any CPU.Build.0 = Release|Any CPU
	EndGlobalSection
	GlobalSection(SolutionProperties) = preSolution
		HideSolutionNode = FALSE
	EndGlobalSection
	GlobalSection(ExtensibilityGlobals) = postSolution
		SolutionGuid = {8859C2FF-E71D-4AA0-93D9-98DA741B7897}
	EndGlobalSection
EndGlobal
